
Microsoft Visual Studio Solution File, Format Version 12.00
# Visual Studio Version 17
VisualStudioVersion = 17.8.34525.116
MinimumVisualStudioVersion = 10.0.40219.1
Project("{FAE04EC0-301F-11D3-BF4B-00C04F79EFBC}") = "StudentScaffolding", "StudentScaffolding.csproj", "{1010C2BB-A84F-4564-AC72-A2B7D2C3E094}"
EndProject
Global
	GlobalSection(SolutionConfigurationPlatforms) = preSolution
		Debug|Any CPU = Debug|Any CPU
		Release|Any CPU = Release|Any CPU
	EndGlobalSection
	GlobalSection(ProjectConfigurationPlatforms) = postSolution
		{1010C2BB-A84F-4564-AC72-A2B7D2C3E094}.Debug|Any CPU.ActiveCfg = Debug|Any CPU
		{1010C2BB-A84F-4564-AC72-A2B7D2C3E094}.Debug|Any CPU.Build.0 = Debug|Any CPU
		{1010C2BB-A84F-4564-AC72-A2B7D2C3E094}.Release|Any CPU.ActiveCfg = Release|Any CPU
		{1010C2BB-A84F-4564-AC72-A2B7D2C3E094}.Release|Any CPU.Build.0 = Release|Any CPU
	EndGlobalSection
	GlobalSection(SolutionProperties) = preSolution
		HideSolutionNode = FALSE
	EndGlobalSection
	GlobalSection(ExtensibilityGlobals) = postSolution
		SolutionGuid = {9816E51C-A4BD-4E64-A395-871621AC7931}
	EndGlobalSection
EndGlobal
