
Microsoft Visual Studio Solution File, Format Version 12.00
# Visual Studio Version 17
VisualStudioVersion = 17.8.34525.116
MinimumVisualStudioVersion = 10.0.40219.1
Project("{FAE04EC0-301F-11D3-BF4B-00C04F79EFBC}") = "ScaffoldingAuth", "ScaffoldingAuth.csproj", "{72A3A19F-9F4E-4AF9-AF72-F648D7057D96}"
EndProject
Global
	GlobalSection(SolutionConfigurationPlatforms) = preSolution
		Debug|Any CPU = Debug|Any CPU
		Release|Any CPU = Release|Any CPU
	EndGlobalSection
	GlobalSection(ProjectConfigurationPlatforms) = postSolution
		{72A3A19F-9F4E-4AF9-AF72-F648D7057D96}.Debug|Any CPU.ActiveCfg = Debug|Any CPU
		{72A3A19F-9F4E-4AF9-AF72-F648D7057D96}.Debug|Any CPU.Build.0 = Debug|Any CPU
		{72A3A19F-9F4E-4AF9-AF72-F648D7057D96}.Release|Any CPU.ActiveCfg = Release|Any CPU
		{72A3A19F-9F4E-4AF9-AF72-F648D7057D96}.Release|Any CPU.Build.0 = Release|Any CPU
	EndGlobalSection
	GlobalSection(SolutionProperties) = preSolution
		HideSolutionNode = FALSE
	EndGlobalSection
	GlobalSection(ExtensibilityGlobals) = postSolution
		SolutionGuid = {3BC3522D-5B78-44DB-9B81-40FB32222F25}
	EndGlobalSection
EndGlobal
